
Microsoft Visual Studio Solution File, Format Version 12.00
# Visual Studio 15
VisualStudioVersion = 15.0.28307.489
MinimumVisualStudioVersion = 10.0.40219.1
Project("{9A19103F-16F7-4668-BE54-9A1E7A4F7556}") = "D365CompanionApi", "D365CompanionApi\D365CompanionApi.csproj", "{6993792B-8193-4613-B68D-5A1AB9F11876}"
EndProject
Global
	GlobalSection(SolutionConfigurationPlatforms) = preSolution
		Debug|Any CPU = Debug|Any CPU
		Release|Any CPU = Release|Any CPU
	EndGlobalSection
	GlobalSection(ProjectConfigurationPlatforms) = postSolution
		{6993792B-8193-4613-B68D-5A1AB9F11876}.Debug|Any CPU.ActiveCfg = Debug|Any CPU
		{6993792B-8193-4613-B68D-5A1AB9F11876}.Debug|Any CPU.Build.0 = Debug|Any CPU
		{6993792B-8193-4613-B68D-5A1AB9F11876}.Release|Any CPU.ActiveCfg = Release|Any CPU
		{6993792B-8193-4613-B68D-5A1AB9F11876}.Release|Any CPU.Build.0 = Release|Any CPU
	EndGlobalSection
	GlobalSection(SolutionProperties) = preSolution
		HideSolutionNode = FALSE
	EndGlobalSection
	GlobalSection(ExtensibilityGlobals) = postSolution
		SolutionGuid = {7A2DC596-0C12-45AC-8C46-5ED1672F3228}
	EndGlobalSection
EndGlobal
